
Microsoft Visual Studio Solution File, Format Version 12.00
# Visual Studio Version 17
VisualStudioVersion = 17.11.35431.28
MinimumVisualStudioVersion = 10.0.40219.1
Project("{FAE04EC0-301F-11D3-BF4B-00C04F79EFBC}") = "UTB.Zpravodajstvi", "UTB.Zpravodajstvi.csproj", "{B8643D5C-4CE3-4CEF-B6C5-C877C62FBD0E}"
EndProject
Global
	GlobalSection(SolutionConfigurationPlatforms) = preSolution
		Debug|Any CPU = Debug|Any CPU
		Release|Any CPU = Release|Any CPU
	EndGlobalSection
	GlobalSection(ProjectConfigurationPlatforms) = postSolution
		{B8643D5C-4CE3-4CEF-B6C5-C877C62FBD0E}.Debug|Any CPU.ActiveCfg = Debug|Any CPU
		{B8643D5C-4CE3-4CEF-B6C5-C877C62FBD0E}.Debug|Any CPU.Build.0 = Debug|Any CPU
		{B8643D5C-4CE3-4CEF-B6C5-C877C62FBD0E}.Release|Any CPU.ActiveCfg = Release|Any CPU
		{B8643D5C-4CE3-4CEF-B6C5-C877C62FBD0E}.Release|Any CPU.Build.0 = Release|Any CPU
	EndGlobalSection
	GlobalSection(SolutionProperties) = preSolution
		HideSolutionNode = FALSE
	EndGlobalSection
	GlobalSection(ExtensibilityGlobals) = postSolution
		SolutionGuid = {B3390098-4177-4999-8925-29A01246E2B4}
	EndGlobalSection
EndGlobal
